# This file is automatically @generated by Poetry 2.4.1 and should not be changed by hand.

[[package]]
name = "et-xmlfile"
version = "2.0.0"
description = "An implementation of lxml.xmlfile for the standard library"
optional = false
python-versions = ">=3.8"
groups = ["main"]
files = [
    {file = "et_xmlfile-2.0.0-py3-none-any.whl", hash = "sha256:7a91720bc756843502c3b7504c77b8fe44217c85c537d85037f0f536151b2caa"},
    {file = "et_xmlfile-2.0.0.tar.gz", hash = "sha256:dab3f4764309081ce75662649be815c4c9081e88f0837825f90fd28317d4da54"},
]

[[package]]
name = "openpyxl"
version = "3.1.5"
description = "A Python library to read/write Excel 2010 xlsx/xlsm files"
optional = false
python-versions = ">=3.8"
groups = ["main"]
files = [
    {file = "openpyxl-3.1.5-py2.py3-none-any.whl", hash = "sha256:5282c12b107bffeef825f4617dc029afaf41d0ea60823bbb665ef3079dc79de2"},
    {file = "openpyxl-3.1.5.tar.gz", hash = "sha256:cf0e3cf56142039133628b5acffe8ef0c12bc902d2aadd3e0fe5878dc08d1050"},
]

[package.dependencies]
et-xmlfile = "*"

[[package]]
name = "psycopg2"
version = "2.9.13"
description = "psycopg2 - Python-PostgreSQL Database Adapter"
optional = false
python-versions = ">=3.10"
groups = ["main"]
files = [
    {file = "psycopg2-2.9.13-cp310-cp310-win_amd64.whl", hash = "sha256:7d48416f6a4823ada9b33771085331b842b553df88435701bff5ddb4469905de"},
    {file = "psycopg2-2.9.13-cp311-cp311-win_amd64.whl", hash = "sha256:d16e7a5f5e400ac51ca953d42255804eff6c8a9650b1a2074f6ca6261d740382"},
    {file = "psycopg2-2.9.13-cp312-cp312-win_amd64.whl", hash = "sha256:10f7408b34412e8c0d4f8b1565541f1d651b1d00447857e5d8561b38f5c1a738"},
    {file = "psycopg2-2.9.13-cp313-cp313-win_amd64.whl", hash = "sha256:165e25c1b0e616a1f28080c5c68bd2dc015051d83c90240b2171d3e76ca2b5ff"},
    {file = "psycopg2-2.9.13-cp314-cp314-win_amd64.whl", hash = "sha256:a6f54fd8e0024f35240866b5dfff9ead2a0dbd33b8096eec438bc6093412842d"},
    {file = "psycopg2-2.9.13-cp315-cp315-win_amd64.whl", hash = "sha256:0d2fc7eedfaca0586dcf1476454598428d0d8471d3b5cb55f92015a5f9d0af40"},
    {file = "psycopg2-2.9.13.tar.gz", hash = "sha256:d36784fc2dae69523ba4b79c7d1d1b4d6e83e87836874f111262f4db940b16a6"},
]

[[package]]
name = "redis"
version = "8.1.0"
description = "Python client for Redis database and key-value store"
optional = false
python-versions = ">=3.10"
groups = ["main"]
files = [
    {file = "redis-8.1.0-py3-none-any.whl", hash = "sha256:a4fe1aac3d3b3cc791d4b3d5931c5a956045dc951ee74d1c913ee3ac4d2ee9fb"},
    {file = "redis-8.1.0.tar.gz", hash = "sha256:6e1a19beef9225c83efd689c7e6b7da2d5215b1f42cd13b7fc3714d0a09c7b25"},
]

[package.extras]
circuit-breaker = ["pybreaker (>=1.4.0)"]
hiredis = ["hiredis (>=3.2.0)"]
jwt = ["pyjwt (>=2.13.0)"]
ocsp = ["cryptography (>=36.0.1)", "pyopenssl (>=20.0.1)", "requests (>=2.31.0)"]
otel = ["opentelemetry-api (>=1.39.1)", "opentelemetry-exporter-otlp-proto-http (>=1.39.1)", "opentelemetry-sdk (>=1.39.1)"]
xxhash = ["xxhash (>=3.6.0,<3.7.0)"]

[metadata]
lock-version = "2.1"
python-versions = ">=3.14"
content-hash = "5d31c6274ad8c558af6c532775e8c10b2bc987bd7246a8b1164ff42d6cb227db"
